
Microsoft Visual Studio Solution File, Format Version 12.00
# Visual Studio 15
VisualStudioVersion = 15.0.27703.2018
MinimumVisualStudioVersion = 10.0.40219.1
Project("{FAE04EC0-301F-11D3-BF4B-00C04F79EFBC}") = "WebApi.QueryFilter", "WebApi.QueryFilter\WebApi.QueryFilter.csproj", "{42DE6443-6AEB-4A08-898E-91B38FCA4484}"
EndProject
Global
	GlobalSection(SolutionConfigurationPlatforms) = preSolution
		Debug|Any CPU = Debug|Any CPU
		Release|Any CPU = Release|Any CPU
	EndGlobalSection
	GlobalSection(ProjectConfigurationPlatforms) = postSolution
		{42DE6443-6AEB-4A08-898E-91B38FCA4484}.Debug|Any CPU.ActiveCfg = Debug|Any CPU
		{42DE6443-6AEB-4A08-898E-91B38FCA4484}.Debug|Any CPU.Build.0 = Debug|Any CPU
		{42DE6443-6AEB-4A08-898E-91B38FCA4484}.Release|Any CPU.ActiveCfg = Release|Any CPU
		{42DE6443-6AEB-4A08-898E-91B38FCA4484}.Release|Any CPU.Build.0 = Release|Any CPU
	EndGlobalSection
	GlobalSection(SolutionProperties) = preSolution
		HideSolutionNode = FALSE
	EndGlobalSection
	GlobalSection(ExtensibilityGlobals) = postSolution
		SolutionGuid = {C84AFC65-BB12-45B8-95EB-F834990A86EE}
	EndGlobalSection
EndGlobal
